{
  "name": "xmas-tree",
  "version": "1.0.0",
  "lockfileVersion": 3,
  "requires": true,
  "packages": {
    "": {
      "name": "xmas-tree",
      "version": "1.0.0",
      "license": "ISC",
      "dependencies": {
        "rpi-ws2801": "^0.0.4"
      }
    },
    "node_modules/microtime": {
      "version": "3.1.1",
      "resolved": "https://registry.npmjs.org/microtime/-/microtime-3.1.1.tgz",
      "integrity": "sha512-to1r7o24cDsud9IhN6/8wGmMx5R2kT0w2Xwm5okbYI3d1dk6Xv0m+Z+jg2vS9pt+ocgQHTCtgs/YuyJhySzxNg==",
      "hasInstallScript": true,
      "dependencies": {
        "node-addon-api": "^5.0.0",
        "node-gyp-build": "^4.4.0"
      },
      "engines": {
        "node": ">= 14.13.0"
      }
    },
    "node_modules/node-addon-api": {
      "version": "5.1.0",
      "resolved": "https://registry.npmjs.org/node-addon-api/-/node-addon-api-5.1.0.tgz",
      "integrity": "sha512-eh0GgfEkpnoWDq+VY8OyvYhFEzBk6jIYbRKdIlyTiAXIVJ8PyBaKb0rp7oDtoddbdoHWhq8wwr+XZ81F1rpNdA=="
    },
    "node_modules/node-gyp-build": {
      "version": "4.7.1",
      "resolved": "https://registry.npmjs.org/node-gyp-build/-/node-gyp-build-4.7.1.tgz",
      "integrity": "sha512-wTSrZ+8lsRRa3I3H8Xr65dLWSgCvY2l4AOnaeKdPA9TB/WYMPaTcrzf3rXvFoVvjKNVnu0CcWSx54qq9GKRUYg==",
      "bin": {
        "node-gyp-build": "bin.js",
        "node-gyp-build-optional": "optional.js",
        "node-gyp-build-test": "build-test.js"
      }
    },
    "node_modules/rpi-ws2801": {
      "version": "0.0.4",
      "resolved": "https://registry.npmjs.org/rpi-ws2801/-/rpi-ws2801-0.0.4.tgz",
      "integrity": "sha512-qPvT+yjTZ4bLjJZuVmvloNoUFjAcwvcM6eFxISCG6cGXeE/cPSO63Vy5vk5rqNW0SS5/esYc1VegcaC0tKppGA==",
      "dependencies": {
        "microtime": "*"
      }
    }
  }
}
